{
    "_meta": {
        "hash": {
            "sha256": "1f5cb110bcac51372d14ba22c4ef87db6e9723473f8401959a4a1ae26d5ec9a7"
        },
        "pipfile-spec": 6,
        "requires": {
            "python_version": "3.8"
        },
        "sources": [
            {
                "name": "pypi",
                "url": "https://pypi.python.org/simple",
                "verify_ssl": true
            }
        ]
    },
    "default": {
        "boto3": {
            "hashes": [
                "sha256:a2ffce001160d7e7c72a90c3084700d50eb64ea4a3aae8afe21566971d1fd611",
                "sha256:d7effba509d7298ef49316ba2da7a2ea115f2a7ff691f875f6354666663cf386"
            ],
            "index": "pypi",
            "version": "==1.20.46"
        },
        "botocore": {
            "hashes": [
                "sha256:354bce55e5adc8e2fe106acfd455ce448f9b920d7b697d06faa8cf200fd6566b",
                "sha256:38dd4564839f531725b667db360ba7df2125ceb3752b0ba12759c3e918015b95"
            ],
            "version": "==1.23.46"
        },
        "importlib-resources": {
            "hashes": [
                "sha256:33a95faed5fc19b4bc16b29a6eeae248a3fe69dd55d4d229d2b480e23eeaad45",
                "sha256:d756e2f85dd4de2ba89be0b21dba2a3bbec2e871a42a3a16719258a11f87506b"
            ],
            "markers": "python_version < '3.9'",
            "version": "==5.4.0"
        },
        "irc": {
            "hashes": [
                "sha256:377bf2bdc1e60ba425b4fb91a51f0e9de50f7e1af78b273e518aa6efad553029",
                "sha256:59acb8d69d61a0cbd290e77e6ff10a8c7f2201fb8c7b7d5a195b5883d0c40b0a"
            ],
            "index": "pypi",
            "version": "==20.0.0"
        },
        "jaraco.classes": {
            "hashes": [
                "sha256:22ac35313cf4b145bf7b217cc51be2d98a3d2db1c8558a30ca259d9f0b9c0b7d",
                "sha256:ed54b728af1937dc16b7236fbaf34ba561ba1ace572b03fffa5486ed363ecf34"
            ],
            "version": "==3.2.1"
        },
        "jaraco.collections": {
            "hashes": [
                "sha256:b04f00bd4b3c4fc4ba5fe1baf8042c0efd192b13e386830ea23fff77bb69dc88",
                "sha256:ef7c308d6d7cadfb16b32c7e414d628151ab02b57a5702b9d9a293148c035e70"
            ],
            "version": "==3.5.1"
        },
        "jaraco.context": {
            "hashes": [
                "sha256:17b909da2fb37ad237ca7ff9523977f8665a47a25b90aec6a99a3e0959c86141",
                "sha256:f0d4d82ffbbbff680384eba48a32a3167f12a91a30a7db56fd97b87e73a87241"
            ],
            "version": "==4.1.1"
        },
        "jaraco.functools": {
            "hashes": [
                "sha256:141f95c490a18eb8aab86caf7a2728f02f604988a26dc36652e3d9fa9e4c49fa",
                "sha256:31e0e93d1027592b7b0bec6ad468db850338981ebee76ba5e212e235f4c7dda0"
            ],
            "version": "==3.5.0"
        },
        "jaraco.logging": {
            "hashes": [
                "sha256:150dc8701207b28bc65a16f0e91c07250a8d1b9da324ce674c0e375774944f13",
                "sha256:ec4720a1ed8d7e4667a5f0178c4864df1a2f085aad5ba47355c41fcb2f9d68cd"
            ],
            "index": "pypi",
            "version": "==3.1.0"
        },
        "jaraco.stream": {
            "hashes": [
                "sha256:3af4b0441090ee65bd6dde930d29f93f50c4a2fe6048e2a9d288285f5e4dc441",
                "sha256:7fe38f25767b717afcf3ca79ec8fff06e85ae166fb5e42da58cc2a581bc9db39"
            ],
            "version": "==3.0.3"
        },
        "jaraco.text": {
            "hashes": [
                "sha256:17b43aa0bd46e97c368ccd8a4c8fef2719ca121b6d39ce4be9d9e0143832479a",
                "sha256:a7f9cc1b44a5f3096a216cbd130b650c7a6b2c9f8005b000ae97f329239a7c00"
            ],
            "version": "==3.7.0"
        },
        "jmespath": {
            "hashes": [
                "sha256:b85d0567b8666149a93172712e68920734333c0ce7e89b78b3e987f71e5ed4f9",
                "sha256:cdf6525904cc597730141d61b36f2e4b8ecc257c420fa2f4549bac2c2d0cb72f"
            ],
            "version": "==0.10.0"
        },
        "more-itertools": {
            "hashes": [
                "sha256:43e6dd9942dffd72661a2c4ef383ad7da1e6a3e968a927ad7a6083ab410a688b",
                "sha256:7dc6ad46f05f545f900dd59e8dfb4e84a4827b97b3cfecb175ea0c7d247f6064"
            ],
            "version": "==8.12.0"
        },
        "python-dateutil": {
            "hashes": [
                "sha256:0123cacc1627ae19ddf3c27a5de5bd67ee4586fbdd6440d9748f8abb483d3e86",
                "sha256:961d03dc3453ebbc59dbdea9e4e11c5651520a876d0f4db161e8674aae935da9"
            ],
            "version": "==2.8.2"
        },
        "pytz": {
            "hashes": [
                "sha256:3672058bc3453457b622aab7a1c3bfd5ab0bdae451512f6cf25f64ed37f5b87c",
                "sha256:acad2d8b20a1af07d4e4c9d2e9285c5ed9104354062f275f3fcd88dcef4f1326"
            ],
            "version": "==2021.3"
        },
        "queuelib": {
            "hashes": [
                "sha256:4b207267f2642a8699a1f806045c56eb7ad1a85a10c0e249884580d139c2fcd2",
                "sha256:4b96d48f650a814c6fb2fd11b968f9c46178b683aad96d68f930fe13a8574d19"
            ],
            "index": "pypi",
            "version": "==1.6.2"
        },
        "s3transfer": {
            "hashes": [
                "sha256:50ed823e1dc5868ad40c8dc92072f757aa0e653a192845c94a3b676f4a62da4c",
                "sha256:9c1dc369814391a6bda20ebbf4b70a0f34630592c9aa520856bf384916af2803"
            ],
            "version": "==0.5.0"
        },
        "six": {
            "hashes": [
                "sha256:1e61c37477a1626458e36f7b1d82aa5c9b094fa4802892072e49de9c60c4c926",
                "sha256:8abb2f1d86890a2dfb989f9a77cfcfd3e47c2a354b01111771326f8aa26e0254"
            ],
            "version": "==1.16.0"
        },
        "tempora": {
            "hashes": [
                "sha256:8d743059a4ea496d925f35480c6d206a7160cacebcd6a31e147fb495dcb732af",
                "sha256:aa21dd1956e29559ecb2f2f2e14fcdb950085222fbbf86e6c946b5e1a8c36b26"
            ],
            "version": "==5.0.0"
        },
        "urllib3": {
            "hashes": [
                "sha256:000ca7f471a233c2251c6c7023ee85305721bfdf18621ebff4fd17a8653427ed",
                "sha256:0e7c33d9a63e7ddfcb86780aac87befc2fbddf46c58dbb487e0855f7ceec283c"
            ],
            "version": "==1.26.8"
        },
        "zipp": {
            "hashes": [
                "sha256:9f50f446828eb9d45b267433fd3e9da8d801f614129124863f9c51ebceafb87d",
                "sha256:b47250dd24f92b7dd6a0a8fc5244da14608f3ca90a5efcd37a3b1642fac9a375"
            ],
            "markers": "python_version < '3.10'",
            "version": "==3.7.0"
        }
    },
    "develop": {
        "autopep8": {
            "hashes": [
                "sha256:44f0932855039d2c15c4510d6df665e4730f2b8582704fa48f9c55bd3e17d979",
                "sha256:ed77137193bbac52d029a52c59bec1b0629b5a186c495f1eb21b126ac466083f"
            ],
            "index": "pypi",
            "version": "==1.6.0"
        },
        "flake8": {
            "hashes": [
                "sha256:479b1304f72536a55948cb40a32dce8bb0ffe3501e26eaf292c7e60eb5e0428d",
                "sha256:806e034dda44114815e23c16ef92f95c91e4c71100ff52813adf7132a6ad870d"
            ],
            "index": "pypi",
            "version": "==4.0.1"
        },
        "mccabe": {
            "hashes": [
                "sha256:ab8a6258860da4b6677da4bd2fe5dc2c659cff31b3ee4f7f5d64e79735b80d42",
                "sha256:dd8d182285a0fe56bace7f45b5e7d1a6ebcbf524e8f3bd87eb0f125271b8831f"
            ],
            "version": "==0.6.1"
        },
        "pycodestyle": {
            "hashes": [
                "sha256:720f8b39dde8b293825e7ff02c475f3077124006db4f440dcbc9a20b76548a20",
                "sha256:eddd5847ef438ea1c7870ca7eb78a9d47ce0cdb4851a5523949f2601d0cbbe7f"
            ],
            "version": "==2.8.0"
        },
        "pyflakes": {
            "hashes": [
                "sha256:05a85c2872edf37a4ed30b0cce2f6093e1d0581f8c19d7393122da7e25b2b24c",
                "sha256:3bb3a3f256f4b7968c9c788781e4ff07dce46bdf12339dcda61053375426ee2e"
            ],
            "version": "==2.4.0"
        },
        "toml": {
            "hashes": [
                "sha256:806143ae5bfb6a3c6e736a764057db0e6a0e05e338b5630894a5f779cabb4f9b",
                "sha256:b3bda1d108d5dd99f4a20d24d9c348e91c4db7ab1b749200bded2f839ccbe68f"
            ],
            "version": "==0.10.2"
        }
    }
}
